
Microsoft Visual Studio Solution File, Format Version 12.00
# Visual Studio Version 17
VisualStudioVersion = 17.7.34221.43
MinimumVisualStudioVersion = 10.0.40219.1
Project("{9A19103F-16F7-4668-BE54-9A1E7A4F7556}") = "Snake", "Snake.csproj", "{1EF587E7-9A8F-4A11-AC86-0DC346AEB3AF}"
EndProject
Project("{2150E333-8FDC-42A3-9474-1A3956D46DE8}") = "Elementy rozwiązania", "Elementy rozwiązania", "{5068E53D-5AC1-4988-9612-490214BD4256}"
	ProjectSection(SolutionItems) = preProject
		..\..\images.ico = ..\..\images.ico
		..\..\pobrany plik.ico = ..\..\pobrany plik.ico
		snake.ico = snake.ico
	EndProjectSection
EndProject
Global
	GlobalSection(SolutionConfigurationPlatforms) = preSolution
		Debug|Any CPU = Debug|Any CPU
		Release|Any CPU = Release|Any CPU
	EndGlobalSection
	GlobalSection(ProjectConfigurationPlatforms) = postSolution
		{1EF587E7-9A8F-4A11-AC86-0DC346AEB3AF}.Debug|Any CPU.ActiveCfg = Debug|Any CPU
		{1EF587E7-9A8F-4A11-AC86-0DC346AEB3AF}.Debug|Any CPU.Build.0 = Debug|Any CPU
		{1EF587E7-9A8F-4A11-AC86-0DC346AEB3AF}.Release|Any CPU.ActiveCfg = Release|Any CPU
		{1EF587E7-9A8F-4A11-AC86-0DC346AEB3AF}.Release|Any CPU.Build.0 = Release|Any CPU
	EndGlobalSection
	GlobalSection(SolutionProperties) = preSolution
		HideSolutionNode = FALSE
	EndGlobalSection
	GlobalSection(ExtensibilityGlobals) = postSolution
		SolutionGuid = {AA058B41-A03A-424B-AEA7-3CDB0754B8A1}
	EndGlobalSection
EndGlobal
